
Microsoft Visual Studio Solution File, Format Version 12.00
# Visual Studio Version 16
VisualStudioVersion = 16.0.30804.86
MinimumVisualStudioVersion = 10.0.40219.1
Project("{FAE04EC0-301F-11D3-BF4B-00C04F79EFBC}") = "Foodsharing", "Foodsharing\Foodsharing.csproj", "{394A6ECD-0632-485F-93DF-79AD81FA9D29}"
EndProject
Project("{00D1A9C2-B5F0-4AF3-8072-F6C62B433612}") = "Foodsharing.BD", "Foodsharing.BD\Foodsharing.BD.sqlproj", "{DDF72857-7E77-4B61-87E7-511038E743BE}"
EndProject
Global
	GlobalSection(SolutionConfigurationPlatforms) = preSolution
		Debug|Any CPU = Debug|Any CPU
		Release|Any CPU = Release|Any CPU
	EndGlobalSection
	GlobalSection(ProjectConfigurationPlatforms) = postSolution
		{394A6ECD-0632-485F-93DF-79AD81FA9D29}.Debug|Any CPU.ActiveCfg = Debug|Any CPU
		{394A6ECD-0632-485F-93DF-79AD81FA9D29}.Debug|Any CPU.Build.0 = Debug|Any CPU
		{394A6ECD-0632-485F-93DF-79AD81FA9D29}.Release|Any CPU.ActiveCfg = Release|Any CPU
		{394A6ECD-0632-485F-93DF-79AD81FA9D29}.Release|Any CPU.Build.0 = Release|Any CPU
		{DDF72857-7E77-4B61-87E7-511038E743BE}.Debug|Any CPU.ActiveCfg = Debug|Any CPU
		{DDF72857-7E77-4B61-87E7-511038E743BE}.Debug|Any CPU.Build.0 = Debug|Any CPU
		{DDF72857-7E77-4B61-87E7-511038E743BE}.Debug|Any CPU.Deploy.0 = Debug|Any CPU
		{DDF72857-7E77-4B61-87E7-511038E743BE}.Release|Any CPU.ActiveCfg = Release|Any CPU
		{DDF72857-7E77-4B61-87E7-511038E743BE}.Release|Any CPU.Build.0 = Release|Any CPU
		{DDF72857-7E77-4B61-87E7-511038E743BE}.Release|Any CPU.Deploy.0 = Release|Any CPU
	EndGlobalSection
	GlobalSection(SolutionProperties) = preSolution
		HideSolutionNode = FALSE
	EndGlobalSection
	GlobalSection(ExtensibilityGlobals) = postSolution
		SolutionGuid = {AA600978-16BD-4624-88B8-D4F3C08F233D}
	EndGlobalSection
EndGlobal
